
Microsoft Visual Studio Solution File, Format Version 12.00
# Visual Studio Version 17
VisualStudioVersion = 17.11.35327.3
MinimumVisualStudioVersion = 10.0.40219.1
Project("{FAE04EC0-301F-11D3-BF4B-00C04F79EFBC}") = "Dobavte_v_steam_396633146_poszhalusta", "Dobavte_v_steam_396633146_poszhalusta\Dobavte_v_steam_396633146_poszhalusta.csproj", "{F47A404B-AF28-45A4-8B27-B5ACAC7FFE5B}"
EndProject
Global
	GlobalSection(SolutionConfigurationPlatforms) = preSolution
		Debug|Any CPU = Debug|Any CPU
		Release|Any CPU = Release|Any CPU
	EndGlobalSection
	GlobalSection(ProjectConfigurationPlatforms) = postSolution
		{F47A404B-AF28-45A4-8B27-B5ACAC7FFE5B}.Debug|Any CPU.ActiveCfg = Debug|Any CPU
		{F47A404B-AF28-45A4-8B27-B5ACAC7FFE5B}.Debug|Any CPU.Build.0 = Debug|Any CPU
		{F47A404B-AF28-45A4-8B27-B5ACAC7FFE5B}.Release|Any CPU.ActiveCfg = Release|Any CPU
		{F47A404B-AF28-45A4-8B27-B5ACAC7FFE5B}.Release|Any CPU.Build.0 = Release|Any CPU
	EndGlobalSection
	GlobalSection(SolutionProperties) = preSolution
		HideSolutionNode = FALSE
	EndGlobalSection
	GlobalSection(ExtensibilityGlobals) = postSolution
		SolutionGuid = {57D7AC93-63F7-4246-BFE2-7694BFC3D300}
	EndGlobalSection
EndGlobal
